
Microsoft Visual Studio Solution File, Format Version 12.00
# Visual Studio 15
VisualStudioVersion = 15.0.27703.2042
MinimumVisualStudioVersion = 10.0.40219.1
Project("{FAE04EC0-301F-11D3-BF4B-00C04F79EFBC}") = "App2.Android", "App2\App2.Android\App2.Android.csproj", "{0D5DB8BD-C493-4DB8-B4FB-C68EF6B23A1E}"
EndProject
Global
	GlobalSection(SolutionConfigurationPlatforms) = preSolution
		Debug|Any CPU = Debug|Any CPU
		Release|Any CPU = Release|Any CPU
	EndGlobalSection
	GlobalSection(ProjectConfigurationPlatforms) = postSolution
		{0D5DB8BD-C493-4DB8-B4FB-C68EF6B23A1E}.Debug|Any CPU.ActiveCfg = Debug|Any CPU
		{0D5DB8BD-C493-4DB8-B4FB-C68EF6B23A1E}.Debug|Any CPU.Build.0 = Debug|Any CPU
		{0D5DB8BD-C493-4DB8-B4FB-C68EF6B23A1E}.Debug|Any CPU.Deploy.0 = Debug|Any CPU
		{0D5DB8BD-C493-4DB8-B4FB-C68EF6B23A1E}.Release|Any CPU.ActiveCfg = Release|Any CPU
		{0D5DB8BD-C493-4DB8-B4FB-C68EF6B23A1E}.Release|Any CPU.Build.0 = Release|Any CPU
		{0D5DB8BD-C493-4DB8-B4FB-C68EF6B23A1E}.Release|Any CPU.Deploy.0 = Release|Any CPU
	EndGlobalSection
	GlobalSection(SolutionProperties) = preSolution
		HideSolutionNode = FALSE
	EndGlobalSection
	GlobalSection(ExtensibilityGlobals) = postSolution
		SolutionGuid = {01EF7CAC-C88F-4198-B8D5-BDDBC3333256}
	EndGlobalSection
EndGlobal
